// !$*UTF8*$!
{
	archiveVersion = 1;
	classes = {
	};
	objectVersion = 50;
	objects = {

/* Begin PBXBuildFile section */
		2D98209E2678835800BA11BC /* AppDelegate.m in Sources */ = {isa = PBXBuildFile; fileRef = 2D98209D2678835800BA11BC /* AppDelegate.m */; };
		2D9820A12678835800BA11BC /* SceneDelegate.m in Sources */ = {isa = PBXBuildFile; fileRef = 2D9820A02678835800BA11BC /* SceneDelegate.m */; };
		2D9820A42678835800BA11BC /* ViewController.m in Sources */ = {isa = PBXBuildFile; fileRef = 2D9820A32678835800BA11BC /* ViewController.m */; };
		2D9820A72678835800BA11BC /* Main.storyboard in Resources */ = {isa = PBXBuildFile; fileRef = 2D9820A52678835800BA11BC /* Main.storyboard */; };
		2D9820A92678835900BA11BC /* Assets.xcassets in Resources */ = {isa = PBXBuildFile; fileRef = 2D9820A82678835900BA11BC /* Assets.xcassets */; };
		2D9820AC2678835900BA11BC /* LaunchScreen.storyboard in Resources */ = {isa = PBXBuildFile; fileRef = 2D9820AA2678835900BA11BC /* LaunchScreen.storyboard */; };
		2D9820AF2678835900BA11BC /* main.m in Sources */ = {isa = PBXBuildFile; fileRef = 2D9820AE2678835900BA11BC /* main.m */; };
/* End PBXBuildFile section */

/* Begin PBXFileReference section */
		2D9820992678835800BA11BC /* BasicUIViews.app */ = {isa = PBXFileReference; explicitFileType = wrapper.application; includeInIndex = 0; path = BasicUIViews.app; sourceTree = BUILT_PRODUCTS_DIR; };
		2D98209C2678835800BA11BC /* AppDelegate.h */ = {isa = PBXFileReference; lastKnownFileType = sourcecode.c.h; path = AppDelegate.h; sourceTree = "<group>"; };
		2D98209D2678835800BA11BC /* AppDelegate.m */ = {isa = PBXFileReference; lastKnownFileType = sourcecode.c.objc; path = AppDelegate.m; sourceTree = "<group>"; };
		2D98209F2678835800BA11BC /* SceneDelegate.h */ = {isa = PBXFileReference; lastKnownFileType = sourcecode.c.h; path = SceneDelegate.h; sourceTree = "<group>"; };
		2D9820A02678835800BA11BC /* SceneDelegate.m */ = {isa = PBXFileReference; lastKnownFileType = sourcecode.c.objc; path = SceneDelegate.m; sourceTree = "<group>"; };
		2D9820A22678835800BA11BC /* ViewController.h */ = {isa = PBXFileReference; lastKnownFileType = sourcecode.c.h; path = ViewController.h; sourceTree = "<group>"; };
		2D9820A32678835800BA11BC /* ViewController.m */ = {isa = PBXFileReference; lastKnownFileType = sourcecode.c.objc; path = ViewController.m; sourceTree = "<group>"; };
		2D9820A62678835800BA11BC /* Base */ = {isa = PBXFileReference; lastKnownFileType = file.storyboard; name = Base; path = Base.lproj/Main.storyboard; sourceTree = "<group>"; };
		2D9820A82678835900BA11BC /* Assets.xcassets */ = {isa = PBXFileReference; lastKnownFileType = folder.assetcatalog; path = Assets.xcassets; sourceTree = "<group>"; };
		2D9820AB2678835900BA11BC /* Base */ = {isa = PBXFileReference; lastKnownFileType = file.storyboard; name = Base; path = Base.lproj/LaunchScreen.storyboard; sourceTree = "<group>"; };
		2D9820AD2678835900BA11BC /* Info.plist */ = {isa = PBXFileReference; lastKnownFileType = text.plist.xml; path = Info.plist; sourceTree = "<group>"; };
		2D9820AE2678835900BA11BC /* main.m */ = {isa = PBXFileReference; lastKnownFileType = sourcecode.c.objc; path = main.m; sourceTree = "<group>"; };
/* End PBXFileReference section */

/* Begin PBXFrameworksBuildPhase section */
		2D9820962678835800BA11BC /* Frameworks */ = {
			isa = PBXFrameworksBuildPhase;
			buildActionMask = 2147483647;
			files = (
			);
			runOnlyForDeploymentPostprocessing = 0;
		};
/* End PBXFrameworksBuildPhase section */

/* Begin PBXGroup section */
		2D9820902678835800BA11BC = {
			isa = PBXGroup;
			children = (
				2D98209B2678835800BA11BC /* BasicUIViews */,
				2D98209A2678835800BA11BC /* Products */,
			);
			sourceTree = "<group>";
		};
		2D98209A2678835800BA11BC /* Products */ = {
			isa = PBXGroup;
			children = (
				2D9820992678835800BA11BC /* BasicUIViews.app */,
			);
			name = Products;
			sourceTree = "<group>";
		};
		2D98209B2678835800BA11BC /* BasicUIViews */ = {
			isa = PBXGroup;
			children = (
				2D98209C2678835800BA11BC /* AppDelegate.h */,
				2D98209D2678835800BA11BC /* AppDelegate.m */,
				2D98209F2678835800BA11BC /* SceneDelegate.h */,
				2D9820A02678835800BA11BC /* SceneDelegate.m */,
				2D9820A22678835800BA11BC /* ViewController.h */,
				2D9820A32678835800BA11BC /* ViewController.m */,
				2D9820A52678835800BA11BC /* Main.storyboard */,
				2D9820A82678835900BA11BC /* Assets.xcassets */,
				2D9820AA2678835900BA11BC /* LaunchScreen.storyboard */,
				2D9820AD2678835900BA11BC /* Info.plist */,
				2D9820AE2678835900BA11BC /* main.m */,
			);
			path = BasicUIViews;
			sourceTree = "<group>";
		};
/* End PBXGroup section */

/* Begin PBXNativeTarget section */
		2D9820982678835800BA11BC /* BasicUIViews */ = {
			isa = PBXNativeTarget;
			buildConfigurationList = 2D9820B22678835900BA11BC /* Build configuration list for PBXNativeTarget "BasicUIViews" */;
			buildPhases = (
				2D9820952678835800BA11BC /* Sources */,
				2D9820962678835800BA11BC /* Frameworks */,
				2D9820972678835800BA11BC /* Resources */,
			);
			buildRules = (
			);
			dependencies = (
			);
			name = BasicUIViews;
			productName = BasicUIViews;
			productReference = 2D9820992678835800BA11BC /* BasicUIViews.app */;
			productType = "com.apple.product-type.application";
		};
/* End PBXNativeTarget section */

/* Begin PBXProject section */
		2D9820912678835800BA11BC /* Project object */ = {
			isa = PBXProject;
			attributes = {
				LastUpgradeCheck = 1250;
				TargetAttributes = {
					2D9820982678835800BA11BC = {
						CreatedOnToolsVersion = 12.5;
					};
				};
			};
			buildConfigurationList = 2D9820942678835800BA11BC /* Build configuration list for PBXProject "BasicUIViews" */;
			compatibilityVersion = "Xcode 9.3";
			developmentRegion = en;
			hasScannedForEncodings = 0;
			knownRegions = (
				en,
				Base,
			);
			mainGroup = 2D9820902678835800BA11BC;
			productRefGroup = 2D98209A2678835800BA11BC /* Products */;
			projectDirPath = "";
			projectRoot = "";
			targets = (
				2D9820982678835800BA11BC /* BasicUIViews */,
			);
		};
/* End PBXProject section */

/* Begin PBXResourcesBuildPhase section */
		2D9820972678835800BA11BC /* Resources */ = {
			isa = PBXResourcesBuildPhase;
			buildActionMask = 2147483647;
			files = (
				2D9820AC2678835900BA11BC /* LaunchScreen.storyboard in Resources */,
				2D9820A92678835900BA11BC /* Assets.xcassets in Resources */,
				2D9820A72678835800BA11BC /* Main.storyboard in Resources */,
			);
			runOnlyForDeploymentPostprocessing = 0;
		};
/* End PBXResourcesBuildPhase section */

/* Begin PBXSourcesBuildPhase section */
		2D9820952678835800BA11BC /* Sources */ = {
			isa = PBXSourcesBuildPhase;
			buildActionMask = 2147483647;
			files = (
				2D9820A42678835800BA11BC /* ViewController.m in Sources */,
				2D98209E2678835800BA11BC /* AppDelegate.m in Sources */,
				2D9820AF2678835900BA11BC /* main.m in Sources */,
				2D9820A12678835800BA11BC /* SceneDelegate.m in Sources */,
			);
			runOnlyForDeploymentPostprocessing = 0;
		};
/* End PBXSourcesBuildPhase section */

/* Begin PBXVariantGroup section */
		2D9820A52678835800BA11BC /* Main.storyboard */ = {
			isa = PBXVariantGroup;
			children = (
				2D9820A62678835800BA11BC /* Base */,
			);
			name = Main.storyboard;
			sourceTree = "<group>";
		};
		2D9820AA2678835900BA11BC /* LaunchScreen.storyboard */ = {
			isa = PBXVariantGroup;
			children = (
				2D9820AB2678835900BA11BC /* Base */,
			);
			name = LaunchScreen.storyboard;
			sourceTree = "<group>";
		};
/* End PBXVariantGroup section */

/* Begin XCBuildConfiguration section */
		2D9820B02678835900BA11BC /* Debug */ = {
			isa = XCBuildConfiguration;
			buildSettings = {
				ALWAYS_SEARCH_USER_PATHS = NO;
				CLANG_ANALYZER_NONNULL = YES;
				CLANG_ANALYZER_NUMBER_OBJECT_CONVERSION = YES_AGGRESSIVE;
				CLANG_CXX_LANGUAGE_STANDARD = "gnu++14";
				CLANG_CXX_LIBRARY = "libc++";
				CLANG_ENABLE_MODULES = YES;
				CLANG_ENABLE_OBJC_ARC = YES;
				CLANG_ENABLE_OBJC_WEAK = YES;
				CLANG_WARN_BLOCK_CAPTURE_AUTORELEASING = YES;
				CLANG_WARN_BOOL_CONVERSION = YES;
				CLANG_WARN_COMMA = YES;
				CLANG_WARN_CONSTANT_CONVERSION = YES;
				CLANG_WARN_DEPRECATED_OBJC_IMPLEMENTATIONS = YES;
				CLANG_WARN_DIRECT_OBJC_ISA_USAGE = YES_ERROR;
				CLANG_WARN_DOCUMENTATION_COMMENTS = YES;
				CLANG_WARN_EMPTY_BODY = YES;
				CLANG_WARN_ENUM_CONVERSION = YES;
				CLANG_WARN_INFINITE_RECURSION = YES;
				CLANG_WARN_INT_CONVERSION = YES;
				CLANG_WARN_NON_LITERAL_NULL_CONVERSION = YES;
				CLANG_WARN_OBJC_IMPLICIT_RETAIN_SELF = YES;
				CLANG_WARN_OBJC_LITERAL_CONVERSION = YES;
				CLANG_WARN_OBJC_ROOT_CLASS = YES_ERROR;
				CLANG_WARN_QUOTED_INCLUDE_IN_FRAMEWORK_HEADER = YES;
				CLANG_WARN_RANGE_LOOP_ANALYSIS = YES;
				CLANG_WARN_STRICT_PROTOTYPES = YES;
				CLANG_WARN_SUSPICIOUS_MOVE = YES;
				CLANG_WARN_UNGUARDED_AVAILABILITY = YES_AGGRESSIVE;
				CLANG_WARN_UNREACHABLE_CODE = YES;
				CLANG_WARN__DUPLICATE_METHOD_MATCH = YES;
				COPY_PHASE_STRIP = NO;
				DEBUG_INFORMATION_FORMAT = dwarf;
				ENABLE_STRICT_OBJC_MSGSEND = YES;
				ENABLE_TESTABILITY = YES;
				GCC_C_LANGUAGE_STANDARD = gnu11;
				GCC_DYNAMIC_NO_PIC = NO;
				GCC_NO_COMMON_BLOCKS = YES;
				GCC_OPTIMIZATION_LEVEL = 0;
				GCC_PREPROCESSOR_DEFINITIONS = (
					"DEBUG=1",
					"$(inherited)",
				);
				GCC_WARN_64_TO_32_BIT_CONVERSION = YES;
				GCC_WARN_ABOUT_RETURN_TYPE = YES_ERROR;
				GCC_WARN_UNDECLARED_SELECTOR = YES;
				GCC_WARN_UNINITIALIZED_AUTOS = YES_AGGRESSIVE;
				GCC_WARN_UNUSED_FUNCTION = YES;
				GCC_WARN_UNUSED_VARIABLE = YES;
				IPHONEOS_DEPLOYMENT_TARGET = 14.5;
				MTL_ENABLE_DEBUG_INFO = INCLUDE_SOURCE;
				MTL_FAST_MATH = YES;
				ONLY_ACTIVE_ARCH = YES;
				SDKROOT = iphoneos;
			};
			name = Debug;
		};
		2D9820B12678835900BA11BC /* Release */ = {
			isa = XCBuildConfiguration;
			buildSettings = {
				ALWAYS_SEARCH_USER_PATHS = NO;
				CLANG_ANALYZER_NONNULL = YES;
				CLANG_ANALYZER_NUMBER_OBJECT_CONVERSION = YES_AGGRESSIVE;
				CLANG_CXX_LANGUAGE_STANDARD = "gnu++14";
				CLANG_CXX_LIBRARY = "libc++";
				CLANG_ENABLE_MODULES = YES;
				CLANG_ENABLE_OBJC_ARC = YES;
				CLANG_ENABLE_OBJC_WEAK = YES;
				CLANG_WARN_BLOCK_CAPTURE_AUTORELEASING = YES;
				CLANG_WARN_BOOL_CONVERSION = YES;
				CLANG_WARN_COMMA = YES;
				CLANG_WARN_CONSTANT_CONVERSION = YES;
				CLANG_WARN_DEPRECATED_OBJC_IMPLEMENTATIONS = YES;
				CLANG_WARN_DIRECT_OBJC_ISA_USAGE = YES_ERROR;
				CLANG_WARN_DOCUMENTATION_COMMENTS = YES;
				CLANG_WARN_EMPTY_BODY = YES;
				CLANG_WARN_ENUM_CONVERSION = YES;
				CLANG_WARN_INFINITE_RECURSION = YES;
				CLANG_WARN_INT_CONVERSION = YES;
				CLANG_WARN_NON_LITERAL_NULL_CONVERSION = YES;
				CLANG_WARN_OBJC_IMPLICIT_RETAIN_SELF = YES;
				CLANG_WARN_OBJC_LITERAL_CONVERSION = YES;
				CLANG_WARN_OBJC_ROOT_CLASS = YES_ERROR;
				CLANG_WARN_QUOTED_INCLUDE_IN_FRAMEWORK_HEADER = YES;
				CLANG_WARN_RANGE_LOOP_ANALYSIS = YES;
				CLANG_WARN_STRICT_PROTOTYPES = YES;
				CLANG_WARN_SUSPICIOUS_MOVE = YES;
				CLANG_WARN_UNGUARDED_AVAILABILITY = YES_AGGRESSIVE;
				CLANG_WARN_UNREACHABLE_CODE = YES;
				CLANG_WARN__DUPLICATE_METHOD_MATCH = YES;
				COPY_PHASE_STRIP = NO;
				DEBUG_INFORMATION_FORMAT = "dwarf-with-dsym";
				ENABLE_NS_ASSERTIONS = NO;
				ENABLE_STRICT_OBJC_MSGSEND = YES;
				GCC_C_LANGUAGE_STANDARD = gnu11;
				GCC_NO_COMMON_BLOCKS = YES;
				GCC_WARN_64_TO_32_BIT_CONVERSION = YES;
				GCC_WARN_ABOUT_RETURN_TYPE = YES_ERROR;
				GCC_WARN_UNDECLARED_SELECTOR = YES;
				GCC_WARN_UNINITIALIZED_AUTOS = YES_AGGRESSIVE;
				GCC_WARN_UNUSED_FUNCTION = YES;
				GCC_WARN_UNUSED_VARIABLE = YES;
				IPHONEOS_DEPLOYMENT_TARGET = 14.5;
				MTL_ENABLE_DEBUG_INFO = NO;
				MTL_FAST_MATH = YES;
				SDKROOT = iphoneos;
				VALIDATE_PRODUCT = YES;
			};
			name = Release;
		};
		2D9820B32678835900BA11BC /* Debug */ = {
			isa = XCBuildConfiguration;
			buildSettings = {
				ASSETCATALOG_COMPILER_APPICON_NAME = AppIcon;
				ASSETCATALOG_COMPILER_GLOBAL_ACCENT_COLOR_NAME = AccentColor;
				CODE_SIGN_STYLE = Automatic;
				DEVELOPMENT_TEAM = 28T5VPKKDG;
				INFOPLIST_FILE = BasicUIViews/Info.plist;
				LD_RUNPATH_SEARCH_PATHS = (
					"$(inherited)",
					"@executable_path/Frameworks",
				);
				PRODUCT_BUNDLE_IDENTIFIER = com.ron.learn.BasicUIViews;
				PRODUCT_NAME = "$(TARGET_NAME)";
				TARGETED_DEVICE_FAMILY = "1,2";
			};
			name = Debug;
		};
		2D9820B42678835900BA11BC /* Release */ = {
			isa = XCBuildConfiguration;
			buildSettings = {
				ASSETCATALOG_COMPILER_APPICON_NAME = AppIcon;
				ASSETCATALOG_COMPILER_GLOBAL_ACCENT_COLOR_NAME = AccentColor;
				CODE_SIGN_STYLE = Automatic;
				DEVELOPMENT_TEAM = 28T5VPKKDG;
				INFOPLIST_FILE = BasicUIViews/Info.plist;
				LD_RUNPATH_SEARCH_PATHS = (
					"$(inherited)",
					"@executable_path/Frameworks",
				);
				PRODUCT_BUNDLE_IDENTIFIER = com.ron.learn.BasicUIViews;
				PRODUCT_NAME = "$(TARGET_NAME)";
				TARGETED_DEVICE_FAMILY = "1,2";
			};
			name = Release;
		};
/* End XCBuildConfiguration section */

/* Begin XCConfigurationList section */
		2D9820942678835800BA11BC /* Build configuration list for PBXProject "BasicUIViews" */ = {
			isa = XCConfigurationList;
			buildConfigurations = (
				2D9820B02678835900BA11BC /* Debug */,
				2D9820B12678835900BA11BC /* Release */,
			);
			defaultConfigurationIsVisible = 0;
			defaultConfigurationName = Release;
		};
		2D9820B22678835900BA11BC /* Build configuration list for PBXNativeTarget "BasicUIViews" */ = {
			isa = XCConfigurationList;
			buildConfigurations = (
				2D9820B32678835900BA11BC /* Debug */,
				2D9820B42678835900BA11BC /* Release */,
			);
			defaultConfigurationIsVisible = 0;
			defaultConfigurationName = Release;
		};
/* End XCConfigurationList section */
	};
	rootObject = 2D9820912678835800BA11BC /* Project object */;
}
